
Microsoft Visual Studio Solution File, Format Version 12.00
# Visual Studio Version 17
VisualStudioVersion = 17.0.32112.339
MinimumVisualStudioVersion = 10.0.40219.1
Project("{FAE04EC0-301F-11D3-BF4B-00C04F79EFBC}") = "BlazorECommerce.Server", "Server\BlazorECommerce.Server.csproj", "{BF533B64-1BA6-42AA-B269-E2F194887BAB}"
EndProject
Project("{FAE04EC0-301F-11D3-BF4B-00C04F79EFBC}") = "BlazorECommerce.Client", "Client\BlazorECommerce.Client.csproj", "{868ED453-34A0-4252-B9E3-054C84221F40}"
EndProject
Project("{FAE04EC0-301F-11D3-BF4B-00C04F79EFBC}") = "BlazorECommerce.Shared", "Shared\BlazorECommerce.Shared.csproj", "{BD437443-3BC5-4326-8A65-633A569F6CD8}"
EndProject
Global
	GlobalSection(SolutionConfigurationPlatforms) = preSolution
		Debug|Any CPU = Debug|Any CPU
		Release|Any CPU = Release|Any CPU
	EndGlobalSection
	GlobalSection(ProjectConfigurationPlatforms) = postSolution
		{BF533B64-1BA6-42AA-B269-E2F194887BAB}.Debug|Any CPU.ActiveCfg = Debug|Any CPU
		{BF533B64-1BA6-42AA-B269-E2F194887BAB}.Debug|Any CPU.Build.0 = Debug|Any CPU
		{BF533B64-1BA6-42AA-B269-E2F194887BAB}.Release|Any CPU.ActiveCfg = Release|Any CPU
		{BF533B64-1BA6-42AA-B269-E2F194887BAB}.Release|Any CPU.Build.0 = Release|Any CPU
		{868ED453-34A0-4252-B9E3-054C84221F40}.Debug|Any CPU.ActiveCfg = Debug|Any CPU
		{868ED453-34A0-4252-B9E3-054C84221F40}.Debug|Any CPU.Build.0 = Debug|Any CPU
		{868ED453-34A0-4252-B9E3-054C84221F40}.Release|Any CPU.ActiveCfg = Release|Any CPU
		{868ED453-34A0-4252-B9E3-054C84221F40}.Release|Any CPU.Build.0 = Release|Any CPU
		{BD437443-3BC5-4326-8A65-633A569F6CD8}.Debug|Any CPU.ActiveCfg = Debug|Any CPU
		{BD437443-3BC5-4326-8A65-633A569F6CD8}.Debug|Any CPU.Build.0 = Debug|Any CPU
		{BD437443-3BC5-4326-8A65-633A569F6CD8}.Release|Any CPU.ActiveCfg = Release|Any CPU
		{BD437443-3BC5-4326-8A65-633A569F6CD8}.Release|Any CPU.Build.0 = Release|Any CPU
	EndGlobalSection
	GlobalSection(SolutionProperties) = preSolution
		HideSolutionNode = FALSE
	EndGlobalSection
	GlobalSection(ExtensibilityGlobals) = postSolution
		SolutionGuid = {0DFDF481-720D-4367-9AF8-25B46E837F0C}
	EndGlobalSection
EndGlobal
